
Microsoft Visual Studio Solution File, Format Version 12.00
# Visual Studio Version 17
VisualStudioVersion = 17.7.34031.279
MinimumVisualStudioVersion = 10.0.40219.1
Project("{9A19103F-16F7-4668-BE54-9A1E7A4F7556}") = "webapi", "webapi.csproj", "{0DAC1670-67EF-47D5-81E9-099AE804D5A9}"
EndProject
Global
	GlobalSection(SolutionConfigurationPlatforms) = preSolution
		Debug|Any CPU = Debug|Any CPU
		Release|Any CPU = Release|Any CPU
	EndGlobalSection
	GlobalSection(ProjectConfigurationPlatforms) = postSolution
		{0DAC1670-67EF-47D5-81E9-099AE804D5A9}.Debug|Any CPU.ActiveCfg = Debug|Any CPU
		{0DAC1670-67EF-47D5-81E9-099AE804D5A9}.Debug|Any CPU.Build.0 = Debug|Any CPU
		{0DAC1670-67EF-47D5-81E9-099AE804D5A9}.Release|Any CPU.ActiveCfg = Release|Any CPU
		{0DAC1670-67EF-47D5-81E9-099AE804D5A9}.Release|Any CPU.Build.0 = Release|Any CPU
	EndGlobalSection
	GlobalSection(SolutionProperties) = preSolution
		HideSolutionNode = FALSE
	EndGlobalSection
	GlobalSection(ExtensibilityGlobals) = postSolution
		SolutionGuid = {0A6B1638-4853-47C0-ABB3-F5EE70060978}
	EndGlobalSection
EndGlobal
