
Microsoft Visual Studio Solution File, Format Version 12.00
# Visual Studio Version 17
VisualStudioVersion = 17.7.34031.279
MinimumVisualStudioVersion = 10.0.40219.1
Project("{9A19103F-16F7-4668-BE54-9A1E7A4F7556}") = "minimalapi", "minimalapi.csproj", "{9D48DB17-0322-41E7-A878-74DF42D10352}"
EndProject
Global
	GlobalSection(SolutionConfigurationPlatforms) = preSolution
		Debug|Any CPU = Debug|Any CPU
		Release|Any CPU = Release|Any CPU
	EndGlobalSection
	GlobalSection(ProjectConfigurationPlatforms) = postSolution
		{9D48DB17-0322-41E7-A878-74DF42D10352}.Debug|Any CPU.ActiveCfg = Debug|Any CPU
		{9D48DB17-0322-41E7-A878-74DF42D10352}.Debug|Any CPU.Build.0 = Debug|Any CPU
		{9D48DB17-0322-41E7-A878-74DF42D10352}.Release|Any CPU.ActiveCfg = Release|Any CPU
		{9D48DB17-0322-41E7-A878-74DF42D10352}.Release|Any CPU.Build.0 = Release|Any CPU
	EndGlobalSection
	GlobalSection(SolutionProperties) = preSolution
		HideSolutionNode = FALSE
	EndGlobalSection
	GlobalSection(ExtensibilityGlobals) = postSolution
		SolutionGuid = {6CAAED14-0399-4B2C-89F9-5C09BCD4E3D6}
	EndGlobalSection
EndGlobal
